
Microsoft Visual Studio Solution File, Format Version 12.00
# Visual Studio Version 17
VisualStudioVersion = 17.8.34330.188
MinimumVisualStudioVersion = 10.0.40219.1
Project("{FAE04EC0-301F-11D3-BF4B-00C04F79EFBC}") = "OOP Assessment 2", "OOP Assessment 2\OOP Assessment 2.csproj", "{60464BAB-C261-4FFC-B4DD-9C47495F2963}"
EndProject
Global
	GlobalSection(SolutionConfigurationPlatforms) = preSolution
		Debug|Any CPU = Debug|Any CPU
		Release|Any CPU = Release|Any CPU
	EndGlobalSection
	GlobalSection(ProjectConfigurationPlatforms) = postSolution
		{60464BAB-C261-4FFC-B4DD-9C47495F2963}.Debug|Any CPU.ActiveCfg = Debug|Any CPU
		{60464BAB-C261-4FFC-B4DD-9C47495F2963}.Debug|Any CPU.Build.0 = Debug|Any CPU
		{60464BAB-C261-4FFC-B4DD-9C47495F2963}.Release|Any CPU.ActiveCfg = Release|Any CPU
		{60464BAB-C261-4FFC-B4DD-9C47495F2963}.Release|Any CPU.Build.0 = Release|Any CPU
	EndGlobalSection
	GlobalSection(SolutionProperties) = preSolution
		HideSolutionNode = FALSE
	EndGlobalSection
	GlobalSection(ExtensibilityGlobals) = postSolution
		SolutionGuid = {69D9FEC0-4A48-46BE-8C92-67D862D3A727}
	EndGlobalSection
EndGlobal
